
Microsoft Visual Studio Solution File, Format Version 12.00
# Visual Studio Version 16
VisualStudioVersion = 16.0.30503.244
MinimumVisualStudioVersion = 10.0.40219.1
Project("{FAE04EC0-301F-11D3-BF4B-00C04F79EFBC}") = "aurimas.zajanckovskis", "aurimas.zajanckovskis\aurimas.zajanckovskis.csproj", "{9F6DAC47-54BD-4736-83C7-BF48AF8B681D}"
EndProject
Global
	GlobalSection(SolutionConfigurationPlatforms) = preSolution
		Debug|Any CPU = Debug|Any CPU
		Release|Any CPU = Release|Any CPU
	EndGlobalSection
	GlobalSection(ProjectConfigurationPlatforms) = postSolution
		{9F6DAC47-54BD-4736-83C7-BF48AF8B681D}.Debug|Any CPU.ActiveCfg = Debug|Any CPU
		{9F6DAC47-54BD-4736-83C7-BF48AF8B681D}.Debug|Any CPU.Build.0 = Debug|Any CPU
		{9F6DAC47-54BD-4736-83C7-BF48AF8B681D}.Release|Any CPU.ActiveCfg = Release|Any CPU
		{9F6DAC47-54BD-4736-83C7-BF48AF8B681D}.Release|Any CPU.Build.0 = Release|Any CPU
	EndGlobalSection
	GlobalSection(SolutionProperties) = preSolution
		HideSolutionNode = FALSE
	EndGlobalSection
	GlobalSection(ExtensibilityGlobals) = postSolution
		SolutionGuid = {98532057-641B-4A16-9D2C-92BF3E27C2E8}
	EndGlobalSection
EndGlobal
